
Microsoft Visual Studio Solution File, Format Version 12.00
# Visual Studio Version 16
VisualStudioVersion = 16.0.29306.81
MinimumVisualStudioVersion = 10.0.40219.1
Project("{FAE04EC0-301F-11D3-BF4B-00C04F79EFBC}") = "WeWereBound", "WeWereBound\WeWereBound.csproj", "{FC913E87-0211-49B7-BD04-693B817E6DDB}"
EndProject
Global
	GlobalSection(SolutionConfigurationPlatforms) = preSolution
		Debug|Any CPU = Debug|Any CPU
		Release|Any CPU = Release|Any CPU
	EndGlobalSection
	GlobalSection(ProjectConfigurationPlatforms) = postSolution
		{FC913E87-0211-49B7-BD04-693B817E6DDB}.Debug|Any CPU.ActiveCfg = Debug|Any CPU
		{FC913E87-0211-49B7-BD04-693B817E6DDB}.Debug|Any CPU.Build.0 = Debug|Any CPU
		{FC913E87-0211-49B7-BD04-693B817E6DDB}.Release|Any CPU.ActiveCfg = Release|Any CPU
		{FC913E87-0211-49B7-BD04-693B817E6DDB}.Release|Any CPU.Build.0 = Release|Any CPU
	EndGlobalSection
	GlobalSection(SolutionProperties) = preSolution
		HideSolutionNode = FALSE
	EndGlobalSection
	GlobalSection(ExtensibilityGlobals) = postSolution
		SolutionGuid = {0EDEEA3D-FA1D-4086-B495-DD16BA49C9EC}
	EndGlobalSection
EndGlobal
